
Microsoft Visual Studio Solution File, Format Version 12.00
# Visual Studio 15
VisualStudioVersion = 15.0.28307.757
MinimumVisualStudioVersion = 10.0.40219.1
Project("{FAE04EC0-301F-11D3-BF4B-00C04F79EFBC}") = "PrimeCheckerGUI", "PrimeCheckerGUI\PrimeCheckerGUI.csproj", "{C7D3E7A6-A378-4182-848A-79BD80CB6028}"
EndProject
Global
	GlobalSection(SolutionConfigurationPlatforms) = preSolution
		Debug|Any CPU = Debug|Any CPU
		Release|Any CPU = Release|Any CPU
	EndGlobalSection
	GlobalSection(ProjectConfigurationPlatforms) = postSolution
		{C7D3E7A6-A378-4182-848A-79BD80CB6028}.Debug|Any CPU.ActiveCfg = Debug|Any CPU
		{C7D3E7A6-A378-4182-848A-79BD80CB6028}.Debug|Any CPU.Build.0 = Debug|Any CPU
		{C7D3E7A6-A378-4182-848A-79BD80CB6028}.Release|Any CPU.ActiveCfg = Release|Any CPU
		{C7D3E7A6-A378-4182-848A-79BD80CB6028}.Release|Any CPU.Build.0 = Release|Any CPU
	EndGlobalSection
	GlobalSection(SolutionProperties) = preSolution
		HideSolutionNode = FALSE
	EndGlobalSection
	GlobalSection(ExtensibilityGlobals) = postSolution
		SolutionGuid = {01A5EFC1-B116-4034-B377-73A0E9A98477}
	EndGlobalSection
EndGlobal
